{
  "version": 4,
  "terraform_version": "0.13.2",
  "serial": 4,
  "lineage": "17ea59b4-f0b2-0dca-6abb-7f7c5c2e3b85",
  "outputs": {},
  "resources": [
    {
      "mode": "managed",
      "type": "digitalocean_domain",
      "name": "thom_is",
      "provider": "provider[\"registry.terraform.io/digitalocean/digitalocean\"]",
      "instances": [
        {
          "schema_version": 0,
          "attributes": {
            "id": "thom.is",
            "ip_address": null,
            "name": "thom.is",
            "urn": "do:domain:thom.is"
          },
          "private": "eyJzY2hlbWFfdmVyc2lvbiI6IjAifQ=="
        }
      ]
    },
    {
      "mode": "managed",
      "type": "digitalocean_record",
      "name": "thom_is_ns_1",
      "provider": "provider[\"registry.terraform.io/digitalocean/digitalocean\"]",
      "instances": [
        {
          "schema_version": 0,
          "attributes": {
            "domain": "thom.is",
            "flags": 0,
            "fqdn": "@.thom.is",
            "id": "124744655",
            "name": "@",
            "port": 0,
            "priority": 0,
            "tag": "",
            "ttl": 1800,
            "type": "NS",
            "value": "ns1.digitalocean.com.",
            "weight": 0
          },
          "private": "eyJzY2hlbWFfdmVyc2lvbiI6IjAifQ=="
        }
      ]
    },
    {
      "mode": "managed",
      "type": "digitalocean_record",
      "name": "thom_is_ns_2",
      "provider": "provider[\"registry.terraform.io/digitalocean/digitalocean\"]",
      "instances": [
        {
          "schema_version": 0,
          "attributes": {
            "domain": "thom.is",
            "flags": 0,
            "fqdn": "@.thom.is",
            "id": "124744656",
            "name": "@",
            "port": 0,
            "priority": 0,
            "tag": "",
            "ttl": 1800,
            "type": "NS",
            "value": "ns2.digitalocean.com.",
            "weight": 0
          },
          "private": "eyJzY2hlbWFfdmVyc2lvbiI6IjAifQ=="
        }
      ]
    },
    {
      "mode": "managed",
      "type": "digitalocean_record",
      "name": "thom_is_ns_3",
      "provider": "provider[\"registry.terraform.io/digitalocean/digitalocean\"]",
      "instances": [
        {
          "schema_version": 0,
          "attributes": {
            "domain": "thom.is",
            "flags": 0,
            "fqdn": "@.thom.is",
            "id": "124744657",
            "name": "@",
            "port": 0,
            "priority": 0,
            "tag": "",
            "ttl": 1800,
            "type": "NS",
            "value": "ns3.digitalocean.com.",
            "weight": 0
          },
          "private": "eyJzY2hlbWFfdmVyc2lvbiI6IjAifQ=="
        }
      ]
    }
  ]
}
